
Microsoft Visual Studio Solution File, Format Version 12.00
# Visual Studio 14
VisualStudioVersion = 14.0.23107.0
MinimumVisualStudioVersion = 10.0.40219.1
Project("{FAE04EC0-301F-11D3-BF4B-00C04F79EFBC}") = "core", "core\core.csproj", "{F9BC8B3C-5B6B-462F-B937-636331AD4F41}"
EndProject
Project("{FAE04EC0-301F-11D3-BF4B-00C04F79EFBC}") = "webapplication", "webapplication\webapplication.csproj", "{53A750BE-EAC9-4D35-8CDE-3B82BF7E76AB}"
EndProject
Project("{FAE04EC0-301F-11D3-BF4B-00C04F79EFBC}") = "gateways", "gateways\gateways.csproj", "{81C89910-3768-4F11-82A4-742753D7D84D}"
EndProject
Global
	GlobalSection(SolutionConfigurationPlatforms) = preSolution
		Debug|Any CPU = Debug|Any CPU
		Release|Any CPU = Release|Any CPU
	EndGlobalSection
	GlobalSection(ProjectConfigurationPlatforms) = postSolution
		{F9BC8B3C-5B6B-462F-B937-636331AD4F41}.Debug|Any CPU.ActiveCfg = Debug|Any CPU
		{F9BC8B3C-5B6B-462F-B937-636331AD4F41}.Debug|Any CPU.Build.0 = Debug|Any CPU
		{F9BC8B3C-5B6B-462F-B937-636331AD4F41}.Release|Any CPU.ActiveCfg = Release|Any CPU
		{F9BC8B3C-5B6B-462F-B937-636331AD4F41}.Release|Any CPU.Build.0 = Release|Any CPU
		{53A750BE-EAC9-4D35-8CDE-3B82BF7E76AB}.Debug|Any CPU.ActiveCfg = Debug|Any CPU
		{53A750BE-EAC9-4D35-8CDE-3B82BF7E76AB}.Debug|Any CPU.Build.0 = Debug|Any CPU
		{53A750BE-EAC9-4D35-8CDE-3B82BF7E76AB}.Release|Any CPU.ActiveCfg = Release|Any CPU
		{53A750BE-EAC9-4D35-8CDE-3B82BF7E76AB}.Release|Any CPU.Build.0 = Release|Any CPU
		{81C89910-3768-4F11-82A4-742753D7D84D}.Debug|Any CPU.ActiveCfg = Debug|Any CPU
		{81C89910-3768-4F11-82A4-742753D7D84D}.Debug|Any CPU.Build.0 = Debug|Any CPU
		{81C89910-3768-4F11-82A4-742753D7D84D}.Release|Any CPU.ActiveCfg = Release|Any CPU
		{81C89910-3768-4F11-82A4-742753D7D84D}.Release|Any CPU.Build.0 = Release|Any CPU
	EndGlobalSection
	GlobalSection(SolutionProperties) = preSolution
		HideSolutionNode = FALSE
	EndGlobalSection
EndGlobal
